# This file is automatically @generated by Poetry 1.7.1 and should not be changed by hand.

[[package]]
name = "bcrypt"
version = "4.1.2"
description = "Modern password hashing for your software and your servers"
optional = false
python-versions = ">=3.7"
files = [
    {file = "bcrypt-4.1.2-cp37-abi3-macosx_10_12_universal2.whl", hash = "sha256:ac621c093edb28200728a9cca214d7e838529e557027ef0581685909acd28b5e"},
    {file = "bcrypt-4.1.2-cp37-abi3-manylinux_2_17_aarch64.manylinux2014_aarch64.whl", hash = "sha256:ea505c97a5c465ab8c3ba75c0805a102ce526695cd6818c6de3b1a38f6f60da1"},
    {file = "bcrypt-4.1.2-cp37-abi3-manylinux_2_17_x86_64.manylinux2014_x86_64.whl", hash = "sha256:57fa9442758da926ed33a91644649d3e340a71e2d0a5a8de064fb621fd5a3326"},
    {file = "bcrypt-4.1.2-cp37-abi3-manylinux_2_28_aarch64.whl", hash = "sha256:eb3bd3321517916696233b5e0c67fd7d6281f0ef48e66812db35fc963a422a1c"},
    {file = "bcrypt-4.1.2-cp37-abi3-manylinux_2_28_x86_64.whl", hash = "sha256:6cad43d8c63f34b26aef462b6f5e44fdcf9860b723d2453b5d391258c4c8e966"},
    {file = "bcrypt-4.1.2-cp37-abi3-musllinux_1_1_aarch64.whl", hash = "sha256:44290ccc827d3a24604f2c8bcd00d0da349e336e6503656cb8192133e27335e2"},
    {file = "bcrypt-4.1.2-cp37-abi3-musllinux_1_1_x86_64.whl", hash = "sha256:732b3920a08eacf12f93e6b04ea276c489f1c8fb49344f564cca2adb663b3e4c"},
    {file = "bcrypt-4.1.2-cp37-abi3-musllinux_1_2_aarch64.whl", hash = "sha256:1c28973decf4e0e69cee78c68e30a523be441972c826703bb93099868a8ff5b5"},
    {file = "bcrypt-4.1.2-cp37-abi3-musllinux_1_2_x86_64.whl", hash = "sha256:b8df79979c5bae07f1db22dcc49cc5bccf08a0380ca5c6f391cbb5790355c0b0"},
    {file = "bcrypt-4.1.2-cp37-abi3-win32.whl", hash = "sha256:fbe188b878313d01b7718390f31528be4010fed1faa798c5a1d0469c9c48c369"},
    {file = "bcrypt-4.1.2-cp37-abi3-win_amd64.whl", hash = "sha256:9800ae5bd5077b13725e2e3934aa3c9c37e49d3ea3d06318010aa40f54c63551"},
    {file = "bcrypt-4.1.2-cp39-abi3-macosx_10_12_universal2.whl", hash = "sha256:71b8be82bc46cedd61a9f4ccb6c1a493211d031415a34adde3669ee1b0afbb63"},
    {file = "bcrypt-4.1.2-cp39-abi3-manylinux_2_17_aarch64.manylinux2014_aarch64.whl", hash = "sha256:68e3c6642077b0c8092580c819c1684161262b2e30c4f45deb000c38947bf483"},
    {file = "bcrypt-4.1.2-cp39-abi3-manylinux_2_17_x86_64.manylinux2014_x86_64.whl", hash = "sha256:387e7e1af9a4dd636b9505a465032f2f5cb8e61ba1120e79a0e1cd0b512f3dfc"},
    {file = "bcrypt-4.1.2-cp39-abi3-manylinux_2_28_aarch64.whl", hash = "sha256:f70d9c61f9c4ca7d57f3bfe88a5ccf62546ffbadf3681bb1e268d9d2e41c91a7"},
    {file = "bcrypt-4.1.2-cp39-abi3-manylinux_2_28_x86_64.whl", hash = "sha256:2a298db2a8ab20056120b45e86c00a0a5eb50ec4075b6142db35f593b97cb3fb"},
    {file = "bcrypt-4.1.2-cp39-abi3-musllinux_1_1_aarch64.whl", hash = "sha256:ba55e40de38a24e2d78d34c2d36d6e864f93e0d79d0b6ce915e4335aa81d01b1"},
    {file = "bcrypt-4.1.2-cp39-abi3-musllinux_1_1_x86_64.whl", hash = "sha256:3566a88234e8de2ccae31968127b0ecccbb4cddb629da744165db72b58d88ca4"},
    {file = "bcrypt-4.1.2-cp39-abi3-musllinux_1_2_aarch64.whl", hash = "sha256:b90e216dc36864ae7132cb151ffe95155a37a14e0de3a8f64b49655dd959ff9c"},
    {file = "bcrypt-4.1.2-cp39-abi3-musllinux_1_2_x86_64.whl", hash = "sha256:69057b9fc5093ea1ab00dd24ede891f3e5e65bee040395fb1e66ee196f9c9b4a"},
    {file = "bcrypt-4.1.2-cp39-abi3-win32.whl", hash = "sha256:02d9ef8915f72dd6daaef40e0baeef8a017ce624369f09754baf32bb32dba25f"},
    {file = "bcrypt-4.1.2-cp39-abi3-win_amd64.whl", hash = "sha256:be3ab1071662f6065899fe08428e45c16aa36e28bc42921c4901a191fda6ee42"},
    {file = "bcrypt-4.1.2-pp310-pypy310_pp73-manylinux_2_28_aarch64.whl", hash = "sha256:d75fc8cd0ba23f97bae88a6ec04e9e5351ff3c6ad06f38fe32ba50cbd0d11946"},
    {file = "bcrypt-4.1.2-pp310-pypy310_pp73-manylinux_2_28_x86_64.whl", hash = "sha256:a97e07e83e3262599434816f631cc4c7ca2aa8e9c072c1b1a7fec2ae809a1d2d"},
    {file = "bcrypt-4.1.2-pp39-pypy39_pp73-manylinux_2_28_aarch64.whl", hash = "sha256:e51c42750b7585cee7892c2614be0d14107fad9581d1738d954a262556dd1aab"},
    {file = "bcrypt-4.1.2-pp39-pypy39_pp73-manylinux_2_28_x86_64.whl", hash = "sha256:ba4e4cc26610581a6329b3937e02d319f5ad4b85b074846bf4fef8a8cf51e7bb"},
    {file = "bcrypt-4.1.2.tar.gz", hash = "sha256:33313a1200a3ae90b75587ceac502b048b840fc69e7f7a0905b5f87fac7a1258"},
]

[package.extras]
tests = ["pytest (>=3.2.1,!=3.3.0)"]
typecheck = ["mypy"]

[[package]]
name = "ecdsa"
version = "0.18.0"
description = "ECDSA cryptographic signature library (pure python)"
optional = false
python-versions = ">=2.6, !=3.0.*, !=3.1.*, !=3.2.*"
files = [
    {file = "ecdsa-0.18.0-py2.py3-none-any.whl", hash = "sha256:80600258e7ed2f16b9aa1d7c295bd70194109ad5a30fdee0eaeefef1d4c559dd"},
    {file = "ecdsa-0.18.0.tar.gz", hash = "sha256:190348041559e21b22a1d65cee485282ca11a6f81d503fddb84d5017e9ed1e49"},
]

[package.dependencies]
six = ">=1.9.0"

[package.extras]
gmpy = ["gmpy"]
gmpy2 = ["gmpy2"]

[[package]]
name = "passlib"
version = "1.7.4"
description = "comprehensive password hashing framework supporting over 30 schemes"
optional = false
python-versions = "*"
files = [
    {file = "passlib-1.7.4-py2.py3-none-any.whl", hash = "sha256:aa6bca462b8d8bda89c70b382f0c298a20b5560af6cbfa2dce410c0a2fb669f1"},
    {file = "passlib-1.7.4.tar.gz", hash = "sha256:defd50f72b65c5402ab2c573830a6978e5f202ad0d984793c8dde2c4152ebe04"},
]

[package.extras]
argon2 = ["argon2-cffi (>=18.2.0)"]
bcrypt = ["bcrypt (>=3.1.0)"]
build-docs = ["cloud-sptheme (>=1.10.1)", "sphinx (>=1.6)", "sphinxcontrib-fulltoc (>=1.2.0)"]
totp = ["cryptography"]

[[package]]
name = "pyasn1"
version = "0.5.1"
description = "Pure-Python implementation of ASN.1 types and DER/BER/CER codecs (X.208)"
optional = false
python-versions = "!=3.0.*,!=3.1.*,!=3.2.*,!=3.3.*,!=3.4.*,!=3.5.*,>=2.7"
files = [
    {file = "pyasn1-0.5.1-py2.py3-none-any.whl", hash = "sha256:4439847c58d40b1d0a573d07e3856e95333f1976294494c325775aeca506eb58"},
    {file = "pyasn1-0.5.1.tar.gz", hash = "sha256:6d391a96e59b23130a5cfa74d6fd7f388dbbe26cc8f1edf39fdddf08d9d6676c"},
]

[[package]]
name = "python-jose"
version = "3.3.0"
description = "JOSE implementation in Python"
optional = false
python-versions = "*"
files = [
    {file = "python-jose-3.3.0.tar.gz", hash = "sha256:55779b5e6ad599c6336191246e95eb2293a9ddebd555f796a65f838f07e5d78a"},
    {file = "python_jose-3.3.0-py2.py3-none-any.whl", hash = "sha256:9b1376b023f8b298536eedd47ae1089bcdb848f1535ab30555cd92002d78923a"},
]

[package.dependencies]
ecdsa = "!=0.15"
pyasn1 = "*"
rsa = "*"

[package.extras]
cryptography = ["cryptography (>=3.4.0)"]
pycrypto = ["pyasn1", "pycrypto (>=2.6.0,<2.7.0)"]
pycryptodome = ["pyasn1", "pycryptodome (>=3.3.1,<4.0.0)"]

[[package]]
name = "python-multipart"
version = "0.0.9"
description = "A streaming multipart parser for Python"
optional = false
python-versions = ">=3.8"
files = [
    {file = "python_multipart-0.0.9-py3-none-any.whl", hash = "sha256:97ca7b8ea7b05f977dc3849c3ba99d51689822fab725c3703af7c866a0c2b215"},
    {file = "python_multipart-0.0.9.tar.gz", hash = "sha256:03f54688c663f1b7977105f021043b0793151e4cb1c1a9d4a11fc13d622c4026"},
]

[package.extras]
dev = ["atomicwrites (==1.4.1)", "attrs (==23.2.0)", "coverage (==7.4.1)", "hatch", "invoke (==2.2.0)", "more-itertools (==10.2.0)", "pbr (==6.0.0)", "pluggy (==1.4.0)", "py (==1.11.0)", "pytest (==8.0.0)", "pytest-cov (==4.1.0)", "pytest-timeout (==2.2.0)", "pyyaml (==6.0.1)", "ruff (==0.2.1)"]

[[package]]
name = "rsa"
version = "4.9"
description = "Pure-Python RSA implementation"
optional = false
python-versions = ">=3.6,<4"
files = [
    {file = "rsa-4.9-py3-none-any.whl", hash = "sha256:90260d9058e514786967344d0ef75fa8727eed8a7d2e43ce9f4bcf1b536174f7"},
    {file = "rsa-4.9.tar.gz", hash = "sha256:e38464a49c6c85d7f1351b0126661487a7e0a14a50f1675ec50eb34d4f20ef21"},
]

[package.dependencies]
pyasn1 = ">=0.1.3"

[[package]]
name = "six"
version = "1.16.0"
description = "Python 2 and 3 compatibility utilities"
optional = false
python-versions = ">=2.7, !=3.0.*, !=3.1.*, !=3.2.*"
files = [
    {file = "six-1.16.0-py2.py3-none-any.whl", hash = "sha256:8abb2f1d86890a2dfb989f9a77cfcfd3e47c2a354b01111771326f8aa26e0254"},
    {file = "six-1.16.0.tar.gz", hash = "sha256:1e61c37477a1626458e36f7b1d82aa5c9b094fa4802892072e49de9c60c4c926"},
]

[metadata]
lock-version = "2.0"
python-versions = "^3.11"
content-hash = "7fccde4afd3d57d4615970664290955fc1a979719d8a485af8c836f9a7b4cadd"
